
Microsoft Visual Studio Solution File, Format Version 12.00
# Visual Studio 15
VisualStudioVersion = 15.0.26730.16
MinimumVisualStudioVersion = 10.0.40219.1
Project("{A0786B88-2ADB-4C21-ABE8-AA2D79766269}") = "Max Test Website", "Max Test Website.phpproj", "{F12878ED-48CC-4267-B866-E8FF70D01A11}"
EndProject
Global
	GlobalSection(SolutionConfigurationPlatforms) = preSolution
		Debug|Any CPU = Debug|Any CPU
		Release|Any CPU = Release|Any CPU
	EndGlobalSection
	GlobalSection(ProjectConfigurationPlatforms) = postSolution
		{F12878ED-48CC-4267-B866-E8FF70D01A11}.Debug|Any CPU.ActiveCfg = Debug|Any CPU
		{F12878ED-48CC-4267-B866-E8FF70D01A11}.Release|Any CPU.ActiveCfg = Release|Any CPU
	EndGlobalSection
	GlobalSection(SolutionProperties) = preSolution
		HideSolutionNode = FALSE
	EndGlobalSection
	GlobalSection(ExtensibilityGlobals) = postSolution
		SolutionGuid = {11BD0449-08A2-460B-8E5C-41D33BB1FB44}
	EndGlobalSection
EndGlobal
